# Generated by move; do not edit
# This file should be checked in.

[move]
version = 4

[pinned.mainnet.MoveStdlib]
source = { git = "https://github.com/MystenLabs/sui.git", subdir = "crates/sui-framework/packages/move-stdlib", rev = "623521008f1c3afa3a1adbb6c3c44c39c46c5e17" }
use_environment = "mainnet"
manifest_digest = "C4FE4C91DE74CBF223B2E380AE40F592177D21870DC2D7EB6227D2D694E05363"
deps = {}

[pinned.mainnet.Sui]
source = { git = "https://github.com/MystenLabs/sui.git", subdir = "crates/sui-framework/packages/sui-framework", rev = "623521008f1c3afa3a1adbb6c3c44c39c46c5e17" }
use_environment = "mainnet"
manifest_digest = "CD547CB1ACCE0880C835DAED2D8FFCB91D56C833AE5240D3AA5B918398263195"
deps = { MoveStdlib = "MoveStdlib" }

[pinned.mainnet.podseq_settlement]
source = { root = true }
use_environment = "mainnet"
manifest_digest = "9412B1D27F8CCFCEFFC5845DB05AB3514E6FA272CED3C7DA5BAE69A340F72663"
deps = { Sui = "Sui" }

[pinned.testnet.MoveStdlib]
source = { git = "https://github.com/MystenLabs/sui.git", subdir = "crates/sui-framework/packages/move-stdlib", rev = "623521008f1c3afa3a1adbb6c3c44c39c46c5e17" }
use_environment = "testnet"
manifest_digest = "C4FE4C91DE74CBF223B2E380AE40F592177D21870DC2D7EB6227D2D694E05363"
deps = {}

[pinned.testnet.Sui]
source = { git = "https://github.com/MystenLabs/sui.git", subdir = "crates/sui-framework/packages/sui-framework", rev = "623521008f1c3afa3a1adbb6c3c44c39c46c5e17" }
use_environment = "testnet"
manifest_digest = "7AFB66695545775FBFBB2D3078ADFD084244D5002392E837FDE21D9EA1C6D01C"
deps = { MoveStdlib = "MoveStdlib" }

[pinned.testnet.podseq_settlement]
source = { root = true }
use_environment = "testnet"
manifest_digest = "8F1F941C44FFFDA2F3508C69945F6D89B17EFC1E0D5F323C43C4C6E6FC65ACDF"
deps = { Sui = "Sui" }
